{
  "object": {
    "pins": [
      {
        "package": "Nimble",
        "repositoryURL": "https://github.com/Quick/Nimble.git",
        "state": {
          "branch": null,
          "revision": "7fd118ec8795888bcbbebc1a41f6984454c4cd6f",
          "version": "8.0.7"
        }
      },
      {
        "package": "Quick",
        "repositoryURL": "https://github.com/Quick/Quick.git",
        "state": {
          "branch": null,
          "revision": "33682c2f6230c60614861dfc61df267e11a1602f",
          "version": "2.2.0"
        }
      },
      {
        "package": "SwiftScanner",
        "repositoryURL": "https://github.com/malcommac/SwiftScanner.git",
        "state": {
          "branch": null,
          "revision": "ac42ee117614b3f651e6cb93ad08101d5c7d78b3",
          "version": "1.1.0"
        }
      }
    ]
  },
  "version": 1
}
