{
  "originHash" : "6326c958014ad3674f6399350c05951d8150337d9a6cc8180c5ebd749d21437b",
  "pins" : [
    {
      "identity" : "cryptoswift",
      "kind" : "remoteSourceControl",
      "location" : "https://github.com/krzyzanowskim/CryptoSwift.git",
      "state" : {
        "revision" : "f2a627b84c1ff96f21ac2fcb623ab36142dd5512",
        "version" : "1.10.0"
      }
    },
    {
      "identity" : "swift-docc-plugin",
      "kind" : "remoteSourceControl",
      "location" : "https://github.com/apple/swift-docc-plugin.git",
      "state" : {
        "revision" : "647c708be89f834fa6a6d4945442793a77ddf5b6",
        "version" : "1.5.0"
      }
    },
    {
      "identity" : "swift-docc-symbolkit",
      "kind" : "remoteSourceControl",
      "location" : "https://github.com/swiftlang/swift-docc-symbolkit",
      "state" : {
        "revision" : "b45d1f2ed151d057b54504d653e0da5552844e34",
        "version" : "1.0.0"
      }
    },
    {
      "identity" : "swiftscanner",
      "kind" : "remoteSourceControl",
      "location" : "https://github.com/malcommac/SwiftScanner.git",
      "state" : {
        "revision" : "ac42ee117614b3f651e6cb93ad08101d5c7d78b3",
        "version" : "1.1.0"
      }
    }
  ],
  "version" : 3
}
