{
  "object": {
    "pins": [
      {
        "package": "Nimble",
        "repositoryURL": "https://github.com/Quick/Nimble.git",
        "state": {
          "branch": null,
          "revision": "7a46a5fc86cb917f69e3daf79fcb045283d8f008",
          "version": "8.1.2"
        }
      },
      {
        "package": "Quick",
        "repositoryURL": "https://github.com/Quick/Quick.git",
        "state": {
          "branch": null,
          "revision": "09b3becb37cb2163919a3842a4c5fa6ec7130792",
          "version": "2.2.1"
        }
      },
      {
        "package": "SwiftScanner",
        "repositoryURL": "https://github.com/malcommac/SwiftScanner.git",
        "state": {
          "branch": null,
          "revision": "ac42ee117614b3f651e6cb93ad08101d5c7d78b3",
          "version": "1.1.0"
        }
      }
    ]
  },
  "version": 1
}
